
Microsoft Visual Studio Solution File, Format Version 12.00
# Visual Studio Version 17
VisualStudioVersion = 17.6.33815.320
MinimumVisualStudioVersion = 10.0.40219.1
Project("{FAE04EC0-301F-11D3-BF4B-00C04F79EFBC}") = "Portfolio Website", "Portfolio Website.csproj", "{CABD61CA-FB72-4D54-9EEE-2B62EB0585D9}"
EndProject
Global
	GlobalSection(SolutionConfigurationPlatforms) = preSolution
		Debug|Any CPU = Debug|Any CPU
		Release|Any CPU = Release|Any CPU
	EndGlobalSection
	GlobalSection(ProjectConfigurationPlatforms) = postSolution
		{CABD61CA-FB72-4D54-9EEE-2B62EB0585D9}.Debug|Any CPU.ActiveCfg = Debug|Any CPU
		{CABD61CA-FB72-4D54-9EEE-2B62EB0585D9}.Debug|Any CPU.Build.0 = Debug|Any CPU
		{CABD61CA-FB72-4D54-9EEE-2B62EB0585D9}.Release|Any CPU.ActiveCfg = Release|Any CPU
		{CABD61CA-FB72-4D54-9EEE-2B62EB0585D9}.Release|Any CPU.Build.0 = Release|Any CPU
	EndGlobalSection
	GlobalSection(SolutionProperties) = preSolution
		HideSolutionNode = FALSE
	EndGlobalSection
	GlobalSection(ExtensibilityGlobals) = postSolution
		SolutionGuid = {F59DD9EE-F469-4524-982B-05B389B89C5E}
	EndGlobalSection
EndGlobal
